
Microsoft Visual Studio Solution File, Format Version 12.00
# Visual Studio Version 17
VisualStudioVersion = 17.11.35312.102
MinimumVisualStudioVersion = 10.0.40219.1
Project("{FAE04EC0-301F-11D3-BF4B-00C04F79EFBC}") = "MaterialIcons.UNO", "MaterialIcons.UNO.csproj", "{369703F0-4C2C-4413-AC88-C2E4B09CE4B2}"
EndProject
Global
	GlobalSection(SolutionConfigurationPlatforms) = preSolution
		Debug|Any CPU = Debug|Any CPU
		Release|Any CPU = Release|Any CPU
	EndGlobalSection
	GlobalSection(ProjectConfigurationPlatforms) = postSolution
		{369703F0-4C2C-4413-AC88-C2E4B09CE4B2}.Debug|Any CPU.ActiveCfg = Debug|Any CPU
		{369703F0-4C2C-4413-AC88-C2E4B09CE4B2}.Debug|Any CPU.Build.0 = Debug|Any CPU
		{369703F0-4C2C-4413-AC88-C2E4B09CE4B2}.Release|Any CPU.ActiveCfg = Release|Any CPU
		{369703F0-4C2C-4413-AC88-C2E4B09CE4B2}.Release|Any CPU.Build.0 = Release|Any CPU
	EndGlobalSection
	GlobalSection(SolutionProperties) = preSolution
		HideSolutionNode = FALSE
	EndGlobalSection
	GlobalSection(ExtensibilityGlobals) = postSolution
		SolutionGuid = {102E5287-A2BD-49F0-B0F4-597C38E33CC3}
	EndGlobalSection
EndGlobal
